# THIS IS AN AUTOGENERATED FILE. DO NOT EDIT THIS FILE DIRECTLY.
# yarn lockfile v1


"@babel/helper-validator-identifier@^7.12.11":
  version "7.12.11"
  resolved "http://npm.devops.xiaohongshu.com:7001/@babel/helper-validator-identifier/download/@babel/helper-validator-identifier-7.12.11.tgz#c9a1f021917dcb5ccf0d4e453e399022981fc9ed"
  integrity sha1-yaHwIZF9y1zPDU5FPjmQIpgfye0=

"@babel/parser@^7.12.0":
  version "7.12.11"
  resolved "http://npm.devops.xiaohongshu.com:7001/@babel/parser/download/@babel/parser-7.12.11.tgz#9ce3595bcd74bc5c466905e86c535b8b25011e79"
  integrity sha1-nONZW810vFxGaQXobFNbiyUBHnk=

"@babel/runtime@^7.0.0":
  version "7.12.5"
  resolved "http://npm.devops.xiaohongshu.com:7001/@babel/runtime/download/@babel/runtime-7.12.5.tgz#410e7e487441e1b360c29be715d870d9b985882e"
  integrity sha1-QQ5+SHRB4bNgwpvnFdhw2bmFiC4=
  dependencies:
    regenerator-runtime "^0.13.4"

"@babel/types@^7.12.0":
  version "7.12.12"
  resolved "http://npm.devops.xiaohongshu.com:7001/@babel/types/download/@babel/types-7.12.12.tgz#4608a6ec313abbd87afa55004d373ad04a96c299"
  integrity sha1-Rgim7DE6u9h6+lUATTc60EqWwpk=
  dependencies:
    "@babel/helper-validator-identifier" "^7.12.11"
    lodash "^4.17.19"
    to-fast-properties "^2.0.0"

"@blueprintjs/icons@^3.10.0":
  version "3.23.0"
  resolved "http://npm.devops.xiaohongshu.com:7001/@blueprintjs/icons/download/@blueprintjs/icons-3.23.0.tgz#4cfe0db4363971ac5d8a0a59590a6efc16115dc6"
  integrity sha1-TP4NtDY5caxdigpZWQpu/BYRXcY=
  dependencies:
    classnames "^2.2"
    tslib "~1.13.0"

"@emotion/cache@^10.0.15":
  version "10.0.29"
  resolved "http://npm.devops.xiaohongshu.com:7001/@emotion/cache/download/@emotion/cache-10.0.29.tgz#87e7e64f412c060102d589fe7c6dc042e6f9d1e0"
  integrity sha1-h+fmT0EsBgEC1Yn+fG3AQub50eA=
  dependencies:
    "@emotion/sheet" "0.9.4"
    "@emotion/stylis" "0.8.5"
    "@emotion/utils" "0.11.3"
    "@emotion/weak-memoize" "0.2.5"

"@emotion/hash@0.8.0":
  version "0.8.0"
  resolved "http://npm.devops.xiaohongshu.com:7001/@emotion/hash/download/@emotion/hash-0.8.0.tgz#bbbff68978fefdbe68ccb533bc8cbe1d1afb5413"
  integrity sha1-u7/2iXj+/b5ozLUzvIy+HRr7VBM=

"@emotion/memoize@0.7.4":
  version "0.7.4"
  resolved "http://npm.devops.xiaohongshu.com:7001/@emotion/memoize/download/@emotion/memoize-0.7.4.tgz#19bf0f5af19149111c40d98bb0cf82119f5d9eeb"
  integrity sha1-Gb8PWvGRSREcQNmLsM+CEZ9dnus=

"@emotion/serialize@^0.11.9":
  version "0.11.16"
  resolved "http://npm.devops.xiaohongshu.com:7001/@emotion/serialize/download/@emotion/serialize-0.11.16.tgz#dee05f9e96ad2fb25a5206b6d759b2d1ed3379ad"
  integrity sha1-3uBfnpatL7JaUga211my0e0zea0=
  dependencies:
    "@emotion/hash" "0.8.0"
    "@emotion/memoize" "0.7.4"
    "@emotion/unitless" "0.7.5"
    "@emotion/utils" "0.11.3"
    csstype "^2.5.7"

"@emotion/sheet@0.9.4", "@emotion/sheet@^0.9.3":
  version "0.9.4"
  resolved "http://npm.devops.xiaohongshu.com:7001/@emotion/sheet/download/@emotion/sheet-0.9.4.tgz#894374bea39ec30f489bbfc3438192b9774d32e5"
  integrity sha1-iUN0vqOeww9Im7/DQ4GSuXdNMuU=

"@emotion/stylis@0.8.5":
  version "0.8.5"
  resolved "http://npm.devops.xiaohongshu.com:7001/@emotion/stylis/download/@emotion/stylis-0.8.5.tgz#deacb389bd6ee77d1e7fcaccce9e16c5c7e78e04"
  integrity sha1-3qyzib1u530ef8rMzp4WxcfnjgQ=

"@emotion/unitless@0.7.5":
  version "0.7.5"
  resolved "http://npm.devops.xiaohongshu.com:7001/@emotion/unitless/download/@emotion/unitless-0.7.5.tgz#77211291c1900a700b8a78cfafda3160d76949ed"
  integrity sha1-dyESkcGQCnALinjPr9oxYNdpSe0=

"@emotion/utils@0.11.3", "@emotion/utils@^0.11.2":
  version "0.11.3"
  resolved "http://npm.devops.xiaohongshu.com:7001/@emotion/utils/download/@emotion/utils-0.11.3.tgz#a759863867befa7e583400d322652a3f44820924"
  integrity sha1-p1mGOGe++n5YNADTImUqP0SCCSQ=

"@emotion/weak-memoize@0.2.5":
  version "0.2.5"
  resolved "http://npm.devops.xiaohongshu.com:7001/@emotion/weak-memoize/download/@emotion/weak-memoize-0.2.5.tgz#8eed982e2ee6f7f4e44c253e12962980791efd46"
  integrity sha1-ju2YLi7m9/TkTCU+EpYpgHke/UY=

"@popperjs/core@^2.5.4":
  version "2.6.0"
  resolved "http://npm.devops.xiaohongshu.com:7001/@popperjs/core/download/@popperjs/core-2.6.0.tgz#f022195afdfc942e088ee2101285a1d31c7d727f"
  integrity sha1-8CIZWv38lC4IjuIQEoWh0xx9cn8=

"@tokenizer/token@^0.1.1":
  version "0.1.1"
  resolved "http://npm.devops.xiaohongshu.com:7001/@tokenizer/token/download/@tokenizer/token-0.1.1.tgz#f0d92c12f87079ddfd1b29f614758b9696bc29e3"
  integrity sha1-8NksEvhwed39Gyn2FHWLlpa8KeM=

"@types/body-scroll-lock@^2.6.1":
  version "2.6.1"
  resolved "http://npm.devops.xiaohongshu.com:7001/@types/body-scroll-lock/download/@types/body-scroll-lock-2.6.1.tgz#0dbd2b6ad2f4cfcece7102d6cf8630ce95508ee0"
  integrity sha1-Db0ratL0z87OcQLWz4YwzpVQjuA=

"@types/debug@^4.1.5":
  version "4.1.5"
  resolved "http://npm.devops.xiaohongshu.com:7001/@types/debug/download/@types/debug-4.1.5.tgz#b14efa8852b7768d898906613c23f688713e02cd"
  integrity sha1-sU76iFK3do2JiQZhPCP2iHE+As0=

"@types/lodash@^4.14.165":
  version "4.14.167"
  resolved "http://npm.devops.xiaohongshu.com:7001/@types/lodash/download/@types/lodash-4.14.167.tgz#ce7d78553e3c886d4ea643c37ec7edc20f16765e"
  integrity sha1-zn14VT48iG1OpkPDfsftwg8Wdl4=

"@vue/compiler-core@3.0.5":
  version "3.0.5"
  resolved "http://npm.devops.xiaohongshu.com:7001/@vue/compiler-core/download/@vue/compiler-core-3.0.5.tgz#a6e54cabe9536e74c6513acd2649f311af1d43ac"
  integrity sha1-puVMq+lTbnTGUTrNJknzEa8dQ6w=
  dependencies:
    "@babel/parser" "^7.12.0"
    "@babel/types" "^7.12.0"
    "@vue/shared" "3.0.5"
    estree-walker "^2.0.1"
    source-map "^0.6.1"

"@vue/compiler-dom@3.0.5":
  version "3.0.5"
  resolved "http://npm.devops.xiaohongshu.com:7001/@vue/compiler-dom/download/@vue/compiler-dom-3.0.5.tgz#7885a13e6d18f64dde8ebceec052ed2c102696c2"
  integrity sha1-eIWhPm0Y9k3ejrzuwFLtLBAmlsI=
  dependencies:
    "@vue/compiler-core" "3.0.5"
    "@vue/shared" "3.0.5"

"@vue/reactivity@3.0.5":
  version "3.0.5"
  resolved "http://npm.devops.xiaohongshu.com:7001/@vue/reactivity/download/@vue/reactivity-3.0.5.tgz#e3789e4d523d845f9ae0b4d770e2b45594742fd2"
  integrity sha1-43ieTVI9hF+a4LTXcOK0VZR0L9I=
  dependencies:
    "@vue/shared" "3.0.5"

"@vue/runtime-core@3.0.5":
  version "3.0.5"
  resolved "http://npm.devops.xiaohongshu.com:7001/@vue/runtime-core/download/@vue/runtime-core-3.0.5.tgz#da6331d5f300d5794e9e0ebdc8a8bd72a9e19962"
  integrity sha1-2mMx1fMA1XlOng69yKi9cqnhmWI=
  dependencies:
    "@vue/reactivity" "3.0.5"
    "@vue/shared" "3.0.5"

"@vue/runtime-dom@3.0.5":
  version "3.0.5"
  resolved "http://npm.devops.xiaohongshu.com:7001/@vue/runtime-dom/download/@vue/runtime-dom-3.0.5.tgz#1ce2c9c449e26ab06963da0064096e882a7a8935"
  integrity sha1-HOLJxEniarBpY9oAZAluiCp6iTU=
  dependencies:
    "@vue/runtime-core" "3.0.5"
    "@vue/shared" "3.0.5"
    csstype "^2.6.8"

"@vue/shared@3.0.5":
  version "3.0.5"
  resolved "http://npm.devops.xiaohongshu.com:7001/@vue/shared/download/@vue/shared-3.0.5.tgz#c131d88bd6713cc4d93b3bb1372edb1983225ff0"
  integrity sha1-wTHYi9ZxPMTZOzuxNy7bGYMiX/A=

"@xhs/file-type@^1.0.3":
  version "1.1.0"
  resolved "http://npm.devops.xiaohongshu.com:7001/@xhs/file-type/download/@xhs/file-type-1.1.0.tgz#158cb36f4d10a02c068490339c21ce31c99a56bb"
  integrity sha1-FYyzb00QoCwGhJAznCHOMcmaVrs=
  dependencies:
    readable-web-to-node-stream "^2.0.0"
    strtok3 "^6.0.3"
    token-types "^2.0.0"
    typedarray-to-buffer "^3.1.5"

"@xhs/yam-beer@3.14.2-next.59":
  version "3.14.2-next.59"
  resolved "http://npm.devops.xiaohongshu.com:7001/@xhs/yam-beer/download/@xhs/yam-beer-3.14.2-next.59.tgz#30ec18a54fdfb37818a588374daf4a507a17ef46"
  integrity sha1-MOwYpU/fs3gYpYg3Ta9KUHoX70Y=
  dependencies:
    "@blueprintjs/icons" "^3.10.0"
    "@emotion/cache" "^10.0.15"
    "@emotion/serialize" "^0.11.9"
    "@emotion/sheet" "^0.9.3"
    "@emotion/utils" "^0.11.2"
    "@popperjs/core" "^2.5.4"
    "@types/body-scroll-lock" "^2.6.1"
    "@types/lodash" "^4.14.165"
    "@xhs/file-type" "^1.0.3"
    accounting-js "^1.1.1"
    body-scroll-lock "^3.0.3"
    csstype "^3.0.5"
    dayjs "^1.8.18"
    lodash "^4.17.15"
    object-assign "^4.1.1"
    qrious "^4.0.2"
    selectable.js "^0.17.6"
    sortablejs "^1.10.2"
    tinycolor2 "^1.4.1"
    v-click-outside "^2.1.3"
    viewerjs "^1.4.0"
    yup "^0.27.0"

accounting-js@^1.1.1:
  version "1.1.1"
  resolved "http://npm.devops.xiaohongshu.com:7001/accounting-js/download/accounting-js-1.1.1.tgz#7fe4b3f70c01ebe0b85c02c5f107f1393b880c9e"
  integrity sha1-f+Sz9wwB6+C4XALF8QfxOTuIDJ4=
  dependencies:
    is-string "^1.0.4"
    object-assign "^4.0.1"

balanced-match@^1.0.0:
  version "1.0.0"
  resolved "http://npm.devops.xiaohongshu.com:7001/balanced-match/download/balanced-match-1.0.0.tgz#89b4d199ab2bee49de164ea02b89ce462d71b767"
  integrity sha1-ibTRmasr7kneFk6gK4nORi1xt2c=

body-scroll-lock@^3.0.3:
  version "3.1.5"
  resolved "http://npm.devops.xiaohongshu.com:7001/body-scroll-lock/download/body-scroll-lock-3.1.5.tgz#c1392d9217ed2c3e237fee1e910f6cdd80b7aaec"
  integrity sha1-wTktkhftLD4jf+4ekQ9s3YC3quw=

brace-expansion@^1.1.7:
  version "1.1.11"
  resolved "http://npm.devops.xiaohongshu.com:7001/brace-expansion/download/brace-expansion-1.1.11.tgz#3c7fcbf529d87226f3d2f52b966ff5271eb441dd"
  integrity sha1-PH/L9SnYcibz0vUrlm/1Jx60Qd0=
  dependencies:
    balanced-match "^1.0.0"
    concat-map "0.0.1"

classnames@^2.2:
  version "2.2.6"
  resolved "http://npm.devops.xiaohongshu.com:7001/classnames/download/classnames-2.2.6.tgz#43935bffdd291f326dad0a205309b38d00f650ce"
  integrity sha1-Q5Nb/90pHzJtrQogUwmzjQD2UM4=

concat-map@0.0.1:
  version "0.0.1"
  resolved "http://npm.devops.xiaohongshu.com:7001/concat-map/download/concat-map-0.0.1.tgz#d8a96bd77fd68df7793a73036a3ba0d5405d477b"
  integrity sha1-2Klr13/Wjfd5OnMDajug1UBdR3s=

csstype@^2.5.7, csstype@^2.6.8:
  version "2.6.14"
  resolved "http://npm.devops.xiaohongshu.com:7001/csstype/download/csstype-2.6.14.tgz#004822a4050345b55ad4dcc00be1d9cf2f4296de"
  integrity sha1-AEgipAUDRbVa1NzAC+HZzy9Clt4=

csstype@^3.0.5:
  version "3.0.6"
  resolved "http://npm.devops.xiaohongshu.com:7001/csstype/download/csstype-3.0.6.tgz#865d0b5833d7d8d40f4e5b8a6d76aea3de4725ef"
  integrity sha1-hl0LWDPX2NQPTluKbXauo95HJe8=

dayjs@^1.8.18:
  version "1.10.3"
  resolved "http://npm.devops.xiaohongshu.com:7001/dayjs/download/dayjs-1.10.3.tgz#cf3357c8e7f508432826371672ebf376cb7d619b"
  integrity sha1-zzNXyOf1CEMoJjcWcuvzdst9YZs=

estree-walker@^2.0.1:
  version "2.0.2"
  resolved "http://npm.devops.xiaohongshu.com:7001/estree-walker/download/estree-walker-2.0.2.tgz#52f010178c2a4c117a7757cfe942adb7d2da4cac"
  integrity sha1-UvAQF4wqTBF6d1fP6UKtt9LaTKw=

fn-name@~2.0.1:
  version "2.0.1"
  resolved "http://npm.devops.xiaohongshu.com:7001/fn-name/download/fn-name-2.0.1.tgz#5214d7537a4d06a4a301c0cc262feb84188002e7"
  integrity sha1-UhTXU3pNBqSjAcDMJi/rhBiAAuc=

fs.realpath@^1.0.0:
  version "1.0.0"
  resolved "http://npm.devops.xiaohongshu.com:7001/fs.realpath/download/fs.realpath-1.0.0.tgz#1504ad2523158caa40db4a2787cb01411994ea4f"
  integrity sha1-FQStJSMVjKpA20onh8sBQRmU6k8=

glob@^7.1.3:
  version "7.1.6"
  resolved "http://npm.devops.xiaohongshu.com:7001/glob/download/glob-7.1.6.tgz#141f33b81a7c2492e125594307480c46679278a6"
  integrity sha1-FB8zuBp8JJLhJVlDB0gMRmeSeKY=
  dependencies:
    fs.realpath "^1.0.0"
    inflight "^1.0.4"
    inherits "2"
    minimatch "^3.0.4"
    once "^1.3.0"
    path-is-absolute "^1.0.0"

ieee754@^1.2.1:
  version "1.2.1"
  resolved "http://npm.devops.xiaohongshu.com:7001/ieee754/download/ieee754-1.2.1.tgz#8eb7a10a63fff25d15a57b001586d177d1b0d352"
  integrity sha1-jrehCmP/8l0VpXsAFYbRd9Gw01I=

inflight@^1.0.4:
  version "1.0.6"
  resolved "http://npm.devops.xiaohongshu.com:7001/inflight/download/inflight-1.0.6.tgz#49bd6331d7d02d0c09bc910a1075ba8165b56df9"
  integrity sha1-Sb1jMdfQLQwJvJEKEHW6gWW1bfk=
  dependencies:
    once "^1.3.0"
    wrappy "1"

inherits@2:
  version "2.0.4"
  resolved "http://npm.devops.xiaohongshu.com:7001/inherits/download/inherits-2.0.4.tgz#0fa2c64f932917c3433a0ded55363aae37416b7c"
  integrity sha1-D6LGT5MpF8NDOg3tVTY6rjdBa3w=

is-string@^1.0.4:
  version "1.0.5"
  resolved "http://npm.devops.xiaohongshu.com:7001/is-string/download/is-string-1.0.5.tgz#40493ed198ef3ff477b8c7f92f644ec82a5cd3a6"
  integrity sha1-QEk+0ZjvP/R3uMf5L2ROyCpc06Y=

is-typedarray@^1.0.0:
  version "1.0.0"
  resolved "http://npm.devops.xiaohongshu.com:7001/is-typedarray/download/is-typedarray-1.0.0.tgz#e479c80858df0c1b11ddda6940f96011fcda4a9a"
  integrity sha1-5HnICFjfDBsR3dppQPlgEfzaSpo=

lodash@^4.17.11, lodash@^4.17.15, lodash@^4.17.19:
  version "4.17.20"
  resolved "http://npm.devops.xiaohongshu.com:7001/lodash/download/lodash-4.17.20.tgz#b44a9b6297bcb698f1c51a3545a2b3b368d59c52"
  integrity sha1-tEqbYpe8tpjxxRo1RaKzs2jVnFI=

minimatch@^3.0.4:
  version "3.0.4"
  resolved "http://npm.devops.xiaohongshu.com:7001/minimatch/download/minimatch-3.0.4.tgz#5166e286457f03306064be5497e8dbb0c3d32083"
  integrity sha1-UWbihkV/AzBgZL5Ul+jbsMPTIIM=
  dependencies:
    brace-expansion "^1.1.7"

object-assign@^4.0.1, object-assign@^4.1.1:
  version "4.1.1"
  resolved "http://npm.devops.xiaohongshu.com:7001/object-assign/download/object-assign-4.1.1.tgz#2109adc7965887cfc05cbbd442cac8bfbb360863"
  integrity sha1-IQmtx5ZYh8/AXLvUQsrIv7s2CGM=

once@^1.3.0:
  version "1.4.0"
  resolved "http://npm.devops.xiaohongshu.com:7001/once/download/once-1.4.0.tgz#583b1aa775961d4b113ac17d9c50baef9dd76bd1"
  integrity sha1-WDsap3WWHUsROsF9nFC6753Xa9E=
  dependencies:
    wrappy "1"

path-is-absolute@^1.0.0:
  version "1.0.1"
  resolved "http://npm.devops.xiaohongshu.com:7001/path-is-absolute/download/path-is-absolute-1.0.1.tgz#174b9268735534ffbc7ace6bf53a5a9e1b5c5f5f"
  integrity sha1-F0uSaHNVNP+8es5r9TpanhtcX18=

peek-readable@^3.1.3:
  version "3.1.3"
  resolved "http://npm.devops.xiaohongshu.com:7001/peek-readable/download/peek-readable-3.1.3.tgz#932480d46cf6aa553c46c68566c4fb69a82cd2b1"
  integrity sha1-kySA1Gz2qlU8RsaFZsT7aags0rE=

property-expr@^1.5.0:
  version "1.5.1"
  resolved "http://npm.devops.xiaohongshu.com:7001/property-expr/download/property-expr-1.5.1.tgz#22e8706894a0c8e28d58735804f6ba3a3673314f"
  integrity sha1-IuhwaJSgyOKNWHNYBPa6OjZzMU8=

qrious@^4.0.2:
  version "4.0.2"
  resolved "http://npm.devops.xiaohongshu.com:7001/qrious/download/qrious-4.0.2.tgz#09c4d4079d2b961617f62c69cff3b9bb66a39693"
  integrity sha1-CcTUB50rlhYX9ixpz/O5u2ajlpM=

readable-web-to-node-stream@^2.0.0:
  version "2.0.0"
  resolved "http://npm.devops.xiaohongshu.com:7001/readable-web-to-node-stream/download/readable-web-to-node-stream-2.0.0.tgz#751e632f466552ac0d5c440cc01470352f93c4b7"
  integrity sha1-dR5jL0ZlUqwNXEQMwBRwNS+TxLc=

regenerator-runtime@^0.13.4:
  version "0.13.7"
  resolved "http://npm.devops.xiaohongshu.com:7001/regenerator-runtime/download/regenerator-runtime-0.13.7.tgz#cac2dacc8a1ea675feaabaeb8ae833898ae46f55"
  integrity sha1-ysLazIoepnX+qrrriugziYrkb1U=

rimraf@^3.0.2:
  version "3.0.2"
  resolved "http://npm.devops.xiaohongshu.com:7001/rimraf/download/rimraf-3.0.2.tgz#f1a5402ba6220ad52cc1282bac1ae3aa49fd061a"
  integrity sha1-8aVAK6YiCtUswSgrrBrjqkn9Bho=
  dependencies:
    glob "^7.1.3"

selectable.js@^0.17.6:
  version "0.17.8"
  resolved "http://npm.devops.xiaohongshu.com:7001/selectable.js/download/selectable.js-0.17.8.tgz#03291b4f32c29625f11e966c653fb38c2cf26542"
  integrity sha1-AykbTzLCliXxHpZsZT+zjCzyZUI=

sortablejs@^1.10.2:
  version "1.13.0"
  resolved "http://npm.devops.xiaohongshu.com:7001/sortablejs/download/sortablejs-1.13.0.tgz#3ab2473f8c69ca63569e80b1cd1b5669b51269e9"
  integrity sha1-OrJHP4xpymNWnoCxzRtWabUSaek=

source-map@^0.6.1:
  version "0.6.1"
  resolved "http://npm.devops.xiaohongshu.com:7001/source-map/download/source-map-0.6.1.tgz#74722af32e9614e9c287a8d0bbde48b5e2f1a263"
  integrity sha1-dHIq8y6WFOnCh6jQu95IteLxomM=

strtok3@^6.0.3:
  version "6.0.8"
  resolved "http://npm.devops.xiaohongshu.com:7001/strtok3/download/strtok3-6.0.8.tgz#c839157f615c10ba0f4ae35067dad9959eeca346"
  integrity sha1-yDkVf2FcELoPSuNQZ9rZlZ7so0Y=
  dependencies:
    "@tokenizer/token" "^0.1.1"
    "@types/debug" "^4.1.5"
    peek-readable "^3.1.3"

synchronous-promise@^2.0.6:
  version "2.0.15"
  resolved "http://npm.devops.xiaohongshu.com:7001/synchronous-promise/download/synchronous-promise-2.0.15.tgz#07ca1822b9de0001f5ff73595f3d08c4f720eb8e"
  integrity sha1-B8oYIrneAAH1/3NZXz0IxPcg644=

tinycolor2@^1.4.1:
  version "1.4.2"
  resolved "http://npm.devops.xiaohongshu.com:7001/tinycolor2/download/tinycolor2-1.4.2.tgz#3f6a4d1071ad07676d7fa472e1fac40a719d8803"
  integrity sha1-P2pNEHGtB2dtf6Ry4frECnGdiAM=

to-fast-properties@^2.0.0:
  version "2.0.0"
  resolved "http://npm.devops.xiaohongshu.com:7001/to-fast-properties/download/to-fast-properties-2.0.0.tgz#dc5e698cbd079265bc73e0377681a4e4e83f616e"
  integrity sha1-3F5pjL0HkmW8c+A3doGk5Og/YW4=

token-types@^2.0.0:
  version "2.1.1"
  resolved "http://npm.devops.xiaohongshu.com:7001/token-types/download/token-types-2.1.1.tgz#bd585d64902aaf720b8979d257b4b850b4d45c45"
  integrity sha1-vVhdZJAqr3ILiXnSV7S4ULTUXEU=
  dependencies:
    "@tokenizer/token" "^0.1.1"
    ieee754 "^1.2.1"

toposort@^2.0.2:
  version "2.0.2"
  resolved "http://npm.devops.xiaohongshu.com:7001/toposort/download/toposort-2.0.2.tgz#ae21768175d1559d48bef35420b2f4962f09c330"
  integrity sha1-riF2gXXRVZ1IvvNUILL0li8JwzA=

tslib@~1.13.0:
  version "1.13.0"
  resolved "http://npm.devops.xiaohongshu.com:7001/tslib/download/tslib-1.13.0.tgz#c881e13cc7015894ed914862d276436fa9a47043"
  integrity sha1-yIHhPMcBWJTtkUhi0nZDb6mkcEM=

typedarray-to-buffer@^3.1.5:
  version "3.1.5"
  resolved "http://npm.devops.xiaohongshu.com:7001/typedarray-to-buffer/download/typedarray-to-buffer-3.1.5.tgz#a97ee7a9ff42691b9f783ff1bc5112fe3fca9080"
  integrity sha1-qX7nqf9CaRufeD/xvFES/j/KkIA=
  dependencies:
    is-typedarray "^1.0.0"

v-click-outside@^2.1.3:
  version "2.1.5"
  resolved "http://npm.devops.xiaohongshu.com:7001/v-click-outside/download/v-click-outside-2.1.5.tgz#aa69172fb41fcc79b26b9a4bc72a30ccf03f7a3c"
  integrity sha1-qmkXL7QfzHmya5pLxyowzPA/ejw=

viewerjs@^1.4.0:
  version "1.9.0"
  resolved "http://npm.devops.xiaohongshu.com:7001/viewerjs/download/viewerjs-1.9.0.tgz#6dfaf54440c3b2f7691b85666ba6d27708ed9592"
  integrity sha1-bfr1REDDsvdpG4Vma6bSdwjtlZI=

vue-router@^4.0.1:
  version "4.0.3"
  resolved "http://npm.devops.xiaohongshu.com:7001/vue-router/download/vue-router-4.0.3.tgz#8b26050c88b2dec7e27a88835f71046b365823ec"
  integrity sha1-iyYFDIiy3sfieoiDX3EEazZYI+w=

vue@^3.0.3:
  version "3.0.5"
  resolved "http://npm.devops.xiaohongshu.com:7001/vue/download/vue-3.0.5.tgz#de1b82eba24abfe71e0970fc9b8d4b2babdc3fe1"
  integrity sha1-3huC66JKv+ceCXD8m41LK6vcP+E=
  dependencies:
    "@vue/compiler-dom" "3.0.5"
    "@vue/runtime-dom" "3.0.5"
    "@vue/shared" "3.0.5"

wrappy@1:
  version "1.0.2"
  resolved "http://npm.devops.xiaohongshu.com:7001/wrappy/download/wrappy-1.0.2.tgz#b5243d8f3ec1aa35f1364605bc0d1036e30ab69f"
  integrity sha1-tSQ9jz7BqjXxNkYFvA0QNuMKtp8=

yup@^0.27.0:
  version "0.27.0"
  resolved "http://npm.devops.xiaohongshu.com:7001/yup/download/yup-0.27.0.tgz#f8cb198c8e7dd2124beddc2457571329096b06e7"
  integrity sha1-+MsZjI590hJL7dwkV1cTKQlrBuc=
  dependencies:
    "@babel/runtime" "^7.0.0"
    fn-name "~2.0.1"
    lodash "^4.17.11"
    property-expr "^1.5.0"
    synchronous-promise "^2.0.6"
    toposort "^2.0.2"
